
Microsoft Visual Studio Solution File, Format Version 12.00
# Visual Studio Version 16
VisualStudioVersion = 16.6.30114.105
MinimumVisualStudioVersion = 10.0.40219.1
Project("{FAE04EC0-301F-11D3-BF4B-00C04F79EFBC}") = "Arrays", "Arrays\Arrays.csproj", "{5F71126A-03DA-47C1-8C4D-E09B4028B330}"
EndProject
Project("{2150E333-8FDC-42A3-9474-1A3956D46DE8}") = "CodeWars", "CodeWars", "{6D56C2D3-3B47-45FD-80E1-99516FC911B4}"
EndProject
Project("{FAE04EC0-301F-11D3-BF4B-00C04F79EFBC}") = "CategorizeNewMember", "CodeWars\CategorizeNewMember\CategorizeNewMember.csproj", "{1BB49E7C-4D5A-4928-804D-4CCDB9263164}"
EndProject
Project("{FAE04EC0-301F-11D3-BF4B-00C04F79EFBC}") = "DontGiveMeFive", "CodeWars\DontGiveMeFive\DontGiveMeFive.csproj", "{8DE64F2E-07C5-4A56-915E-797D6CAF9C7B}"
EndProject
Project("{FAE04EC0-301F-11D3-BF4B-00C04F79EFBC}") = "FireOnTheBoat", "CodeWars\FireOnTheBoat\FireOnTheBoat.csproj", "{8DBA6065-99F0-4117-98A9-DDDE222BC99F}"
EndProject
Project("{FAE04EC0-301F-11D3-BF4B-00C04F79EFBC}") = "HellsKitchen", "CodeWars\HellsKitchen\HellsKitchen.csproj", "{D779B743-8CC7-4D4F-AC9C-6684675B30AD}"
EndProject
Project("{FAE04EC0-301F-11D3-BF4B-00C04F79EFBC}") = "Multiples", "CodeWars\Multiples\Multiples.csproj", "{703B00D0-CEDC-4A0C-8FCC-E89041157BC6}"
EndProject
Project("{FAE04EC0-301F-11D3-BF4B-00C04F79EFBC}") = "ValidParentheses", "CodeWars\ValidParentheses\ValidParentheses.csproj", "{E9C9CFA7-3D56-46A1-A58C-5725BE97EE76}"
EndProject
Project("{FAE04EC0-301F-11D3-BF4B-00C04F79EFBC}") = "ZerosToTheEnd", "CodeWars\ZerosToTheEnd\ZerosToTheEnd.csproj", "{D2665C88-6CFC-45E7-A39B-D8B69E155B6D}"
EndProject
Project("{FAE04EC0-301F-11D3-BF4B-00C04F79EFBC}") = "ConditionalTernary", "ConditionalTernary\ConditionalTernary.csproj", "{C0827879-9114-42DF-98AF-EC630A23FCEA}"
EndProject
Project("{FAE04EC0-301F-11D3-BF4B-00C04F79EFBC}") = "Console", "Console\Console.csproj", "{BA30FB50-86EB-4DBB-91F0-0375EAADDE0B}"
EndProject
Project("{FAE04EC0-301F-11D3-BF4B-00C04F79EFBC}") = "Conventions", "Conventions\Conventions.csproj", "{9B11D8F3-8225-415C-9EBE-876C4854421D}"
EndProject
Project("{FAE04EC0-301F-11D3-BF4B-00C04F79EFBC}") = "CultureInfo", "CultureInfo\CultureInfo.csproj", "{D242F148-B64C-4BC8-A77C-845695B70CED}"
EndProject
Project("{FAE04EC0-301F-11D3-BF4B-00C04F79EFBC}") = "DataTypes", "DataTypes\DataTypes.csproj", "{65ACEB92-C697-4B0A-A31D-A2B84E732C10}"
EndProject
Project("{FAE04EC0-301F-11D3-BF4B-00C04F79EFBC}") = "Enums", "Enums\Enums.csproj", "{B228970B-BF29-451F-8BED-4698099222EC}"
EndProject
Project("{FAE04EC0-301F-11D3-BF4B-00C04F79EFBC}") = "EscapeCharacter", "EscapeCharacter\EscapeCharacter.csproj", "{0B8D65C8-75EF-4618-9B29-134E69B55122}"
EndProject
Project("{FAE04EC0-301F-11D3-BF4B-00C04F79EFBC}") = "Inheritance", "Inheritance\Inheritance.csproj", "{4AE18340-FE88-4FC4-9E15-E0A5FACB8654}"
EndProject
Project("{FAE04EC0-301F-11D3-BF4B-00C04F79EFBC}") = "InterestingStringFunctions", "InterestingStringFunctions\InterestingStringFunctions.csproj", "{6F38421E-B405-468A-9F8A-64AA7FC05B51}"
EndProject
Project("{FAE04EC0-301F-11D3-BF4B-00C04F79EFBC}") = "Interfaces", "Interfaces\Interfaces.csproj", "{1B924F3B-B96F-4F1B-8C55-2ED84A5C0323}"
EndProject
Project("{FAE04EC0-301F-11D3-BF4B-00C04F79EFBC}") = "Lists", "Lists\Lists.csproj", "{870AC784-86B4-4A0F-BC67-78B71184DE48}"
EndProject
Project("{FAE04EC0-301F-11D3-BF4B-00C04F79EFBC}") = "MainMethod", "MainMethod\MainMethod.csproj", "{B5212AAC-1AF4-4EA1-B4F7-7F690B4417F6}"
EndProject
Project("{FAE04EC0-301F-11D3-BF4B-00C04F79EFBC}") = "Namespace", "Namespace\Namespace.csproj", "{4EBD7CFE-15F7-46CA-9795-75250B8346C4}"
EndProject
Project("{FAE04EC0-301F-11D3-BF4B-00C04F79EFBC}") = "NullableValue", "NullableValue\NullableValue.csproj", "{9C254F24-4005-4E57-AFDF-CE95269127A2}"
EndProject
Project("{FAE04EC0-301F-11D3-BF4B-00C04F79EFBC}") = "ObjectAndToString", "ObjectAndToString\ObjectAndToString.csproj", "{842B2B5E-EF08-4D54-A9B9-C4AB70FC5DEA}"
EndProject
Project("{FAE04EC0-301F-11D3-BF4B-00C04F79EFBC}") = "Properties", "Properties\Properties.csproj", "{7DFC4828-DDAF-4734-8BD6-78C064933F66}"
EndProject
Project("{FAE04EC0-301F-11D3-BF4B-00C04F79EFBC}") = "StructType", "StructType\StructType.csproj", "{11578B5A-3ED4-44B8-9256-A31AE97FB3A4}"
EndProject
Global
	GlobalSection(SolutionConfigurationPlatforms) = preSolution
		Debug|Any CPU = Debug|Any CPU
		Debug|x64 = Debug|x64
		Debug|x86 = Debug|x86
		Release|Any CPU = Release|Any CPU
		Release|x64 = Release|x64
		Release|x86 = Release|x86
	EndGlobalSection
	GlobalSection(SolutionProperties) = preSolution
		HideSolutionNode = FALSE
	EndGlobalSection
	GlobalSection(ProjectConfigurationPlatforms) = postSolution
		{5F71126A-03DA-47C1-8C4D-E09B4028B330}.Debug|Any CPU.ActiveCfg = Debug|Any CPU
		{5F71126A-03DA-47C1-8C4D-E09B4028B330}.Debug|Any CPU.Build.0 = Debug|Any CPU
		{5F71126A-03DA-47C1-8C4D-E09B4028B330}.Debug|x64.ActiveCfg = Debug|Any CPU
		{5F71126A-03DA-47C1-8C4D-E09B4028B330}.Debug|x64.Build.0 = Debug|Any CPU
		{5F71126A-03DA-47C1-8C4D-E09B4028B330}.Debug|x86.ActiveCfg = Debug|Any CPU
		{5F71126A-03DA-47C1-8C4D-E09B4028B330}.Debug|x86.Build.0 = Debug|Any CPU
		{5F71126A-03DA-47C1-8C4D-E09B4028B330}.Release|Any CPU.ActiveCfg = Release|Any CPU
		{5F71126A-03DA-47C1-8C4D-E09B4028B330}.Release|Any CPU.Build.0 = Release|Any CPU
		{5F71126A-03DA-47C1-8C4D-E09B4028B330}.Release|x64.ActiveCfg = Release|Any CPU
		{5F71126A-03DA-47C1-8C4D-E09B4028B330}.Release|x64.Build.0 = Release|Any CPU
		{5F71126A-03DA-47C1-8C4D-E09B4028B330}.Release|x86.ActiveCfg = Release|Any CPU
		{5F71126A-03DA-47C1-8C4D-E09B4028B330}.Release|x86.Build.0 = Release|Any CPU
		{1BB49E7C-4D5A-4928-804D-4CCDB9263164}.Debug|Any CPU.ActiveCfg = Debug|Any CPU
		{1BB49E7C-4D5A-4928-804D-4CCDB9263164}.Debug|Any CPU.Build.0 = Debug|Any CPU
		{1BB49E7C-4D5A-4928-804D-4CCDB9263164}.Debug|x64.ActiveCfg = Debug|Any CPU
		{1BB49E7C-4D5A-4928-804D-4CCDB9263164}.Debug|x64.Build.0 = Debug|Any CPU
		{1BB49E7C-4D5A-4928-804D-4CCDB9263164}.Debug|x86.ActiveCfg = Debug|Any CPU
		{1BB49E7C-4D5A-4928-804D-4CCDB9263164}.Debug|x86.Build.0 = Debug|Any CPU
		{1BB49E7C-4D5A-4928-804D-4CCDB9263164}.Release|Any CPU.ActiveCfg = Release|Any CPU
		{1BB49E7C-4D5A-4928-804D-4CCDB9263164}.Release|Any CPU.Build.0 = Release|Any CPU
		{1BB49E7C-4D5A-4928-804D-4CCDB9263164}.Release|x64.ActiveCfg = Release|Any CPU
		{1BB49E7C-4D5A-4928-804D-4CCDB9263164}.Release|x64.Build.0 = Release|Any CPU
		{1BB49E7C-4D5A-4928-804D-4CCDB9263164}.Release|x86.ActiveCfg = Release|Any CPU
		{1BB49E7C-4D5A-4928-804D-4CCDB9263164}.Release|x86.Build.0 = Release|Any CPU
		{8DE64F2E-07C5-4A56-915E-797D6CAF9C7B}.Debug|Any CPU.ActiveCfg = Debug|Any CPU
		{8DE64F2E-07C5-4A56-915E-797D6CAF9C7B}.Debug|Any CPU.Build.0 = Debug|Any CPU
		{8DE64F2E-07C5-4A56-915E-797D6CAF9C7B}.Debug|x64.ActiveCfg = Debug|Any CPU
		{8DE64F2E-07C5-4A56-915E-797D6CAF9C7B}.Debug|x64.Build.0 = Debug|Any CPU
		{8DE64F2E-07C5-4A56-915E-797D6CAF9C7B}.Debug|x86.ActiveCfg = Debug|Any CPU
		{8DE64F2E-07C5-4A56-915E-797D6CAF9C7B}.Debug|x86.Build.0 = Debug|Any CPU
		{8DE64F2E-07C5-4A56-915E-797D6CAF9C7B}.Release|Any CPU.ActiveCfg = Release|Any CPU
		{8DE64F2E-07C5-4A56-915E-797D6CAF9C7B}.Release|Any CPU.Build.0 = Release|Any CPU
		{8DE64F2E-07C5-4A56-915E-797D6CAF9C7B}.Release|x64.ActiveCfg = Release|Any CPU
		{8DE64F2E-07C5-4A56-915E-797D6CAF9C7B}.Release|x64.Build.0 = Release|Any CPU
		{8DE64F2E-07C5-4A56-915E-797D6CAF9C7B}.Release|x86.ActiveCfg = Release|Any CPU
		{8DE64F2E-07C5-4A56-915E-797D6CAF9C7B}.Release|x86.Build.0 = Release|Any CPU
		{8DBA6065-99F0-4117-98A9-DDDE222BC99F}.Debug|Any CPU.ActiveCfg = Debug|Any CPU
		{8DBA6065-99F0-4117-98A9-DDDE222BC99F}.Debug|Any CPU.Build.0 = Debug|Any CPU
		{8DBA6065-99F0-4117-98A9-DDDE222BC99F}.Debug|x64.ActiveCfg = Debug|Any CPU
		{8DBA6065-99F0-4117-98A9-DDDE222BC99F}.Debug|x64.Build.0 = Debug|Any CPU
		{8DBA6065-99F0-4117-98A9-DDDE222BC99F}.Debug|x86.ActiveCfg = Debug|Any CPU
		{8DBA6065-99F0-4117-98A9-DDDE222BC99F}.Debug|x86.Build.0 = Debug|Any CPU
		{8DBA6065-99F0-4117-98A9-DDDE222BC99F}.Release|Any CPU.ActiveCfg = Release|Any CPU
		{8DBA6065-99F0-4117-98A9-DDDE222BC99F}.Release|Any CPU.Build.0 = Release|Any CPU
		{8DBA6065-99F0-4117-98A9-DDDE222BC99F}.Release|x64.ActiveCfg = Release|Any CPU
		{8DBA6065-99F0-4117-98A9-DDDE222BC99F}.Release|x64.Build.0 = Release|Any CPU
		{8DBA6065-99F0-4117-98A9-DDDE222BC99F}.Release|x86.ActiveCfg = Release|Any CPU
		{8DBA6065-99F0-4117-98A9-DDDE222BC99F}.Release|x86.Build.0 = Release|Any CPU
		{D779B743-8CC7-4D4F-AC9C-6684675B30AD}.Debug|Any CPU.ActiveCfg = Debug|Any CPU
		{D779B743-8CC7-4D4F-AC9C-6684675B30AD}.Debug|Any CPU.Build.0 = Debug|Any CPU
		{D779B743-8CC7-4D4F-AC9C-6684675B30AD}.Debug|x64.ActiveCfg = Debug|Any CPU
		{D779B743-8CC7-4D4F-AC9C-6684675B30AD}.Debug|x64.Build.0 = Debug|Any CPU
		{D779B743-8CC7-4D4F-AC9C-6684675B30AD}.Debug|x86.ActiveCfg = Debug|Any CPU
		{D779B743-8CC7-4D4F-AC9C-6684675B30AD}.Debug|x86.Build.0 = Debug|Any CPU
		{D779B743-8CC7-4D4F-AC9C-6684675B30AD}.Release|Any CPU.ActiveCfg = Release|Any CPU
		{D779B743-8CC7-4D4F-AC9C-6684675B30AD}.Release|Any CPU.Build.0 = Release|Any CPU
		{D779B743-8CC7-4D4F-AC9C-6684675B30AD}.Release|x64.ActiveCfg = Release|Any CPU
		{D779B743-8CC7-4D4F-AC9C-6684675B30AD}.Release|x64.Build.0 = Release|Any CPU
		{D779B743-8CC7-4D4F-AC9C-6684675B30AD}.Release|x86.ActiveCfg = Release|Any CPU
		{D779B743-8CC7-4D4F-AC9C-6684675B30AD}.Release|x86.Build.0 = Release|Any CPU
		{703B00D0-CEDC-4A0C-8FCC-E89041157BC6}.Debug|Any CPU.ActiveCfg = Debug|Any CPU
		{703B00D0-CEDC-4A0C-8FCC-E89041157BC6}.Debug|Any CPU.Build.0 = Debug|Any CPU
		{703B00D0-CEDC-4A0C-8FCC-E89041157BC6}.Debug|x64.ActiveCfg = Debug|Any CPU
		{703B00D0-CEDC-4A0C-8FCC-E89041157BC6}.Debug|x64.Build.0 = Debug|Any CPU
		{703B00D0-CEDC-4A0C-8FCC-E89041157BC6}.Debug|x86.ActiveCfg = Debug|Any CPU
		{703B00D0-CEDC-4A0C-8FCC-E89041157BC6}.Debug|x86.Build.0 = Debug|Any CPU
		{703B00D0-CEDC-4A0C-8FCC-E89041157BC6}.Release|Any CPU.ActiveCfg = Release|Any CPU
		{703B00D0-CEDC-4A0C-8FCC-E89041157BC6}.Release|Any CPU.Build.0 = Release|Any CPU
		{703B00D0-CEDC-4A0C-8FCC-E89041157BC6}.Release|x64.ActiveCfg = Release|Any CPU
		{703B00D0-CEDC-4A0C-8FCC-E89041157BC6}.Release|x64.Build.0 = Release|Any CPU
		{703B00D0-CEDC-4A0C-8FCC-E89041157BC6}.Release|x86.ActiveCfg = Release|Any CPU
		{703B00D0-CEDC-4A0C-8FCC-E89041157BC6}.Release|x86.Build.0 = Release|Any CPU
		{E9C9CFA7-3D56-46A1-A58C-5725BE97EE76}.Debug|Any CPU.ActiveCfg = Debug|Any CPU
		{E9C9CFA7-3D56-46A1-A58C-5725BE97EE76}.Debug|Any CPU.Build.0 = Debug|Any CPU
		{E9C9CFA7-3D56-46A1-A58C-5725BE97EE76}.Debug|x64.ActiveCfg = Debug|Any CPU
		{E9C9CFA7-3D56-46A1-A58C-5725BE97EE76}.Debug|x64.Build.0 = Debug|Any CPU
		{E9C9CFA7-3D56-46A1-A58C-5725BE97EE76}.Debug|x86.ActiveCfg = Debug|Any CPU
		{E9C9CFA7-3D56-46A1-A58C-5725BE97EE76}.Debug|x86.Build.0 = Debug|Any CPU
		{E9C9CFA7-3D56-46A1-A58C-5725BE97EE76}.Release|Any CPU.ActiveCfg = Release|Any CPU
		{E9C9CFA7-3D56-46A1-A58C-5725BE97EE76}.Release|Any CPU.Build.0 = Release|Any CPU
		{E9C9CFA7-3D56-46A1-A58C-5725BE97EE76}.Release|x64.ActiveCfg = Release|Any CPU
		{E9C9CFA7-3D56-46A1-A58C-5725BE97EE76}.Release|x64.Build.0 = Release|Any CPU
		{E9C9CFA7-3D56-46A1-A58C-5725BE97EE76}.Release|x86.ActiveCfg = Release|Any CPU
		{E9C9CFA7-3D56-46A1-A58C-5725BE97EE76}.Release|x86.Build.0 = Release|Any CPU
		{D2665C88-6CFC-45E7-A39B-D8B69E155B6D}.Debug|Any CPU.ActiveCfg = Debug|Any CPU
		{D2665C88-6CFC-45E7-A39B-D8B69E155B6D}.Debug|Any CPU.Build.0 = Debug|Any CPU
		{D2665C88-6CFC-45E7-A39B-D8B69E155B6D}.Debug|x64.ActiveCfg = Debug|Any CPU
		{D2665C88-6CFC-45E7-A39B-D8B69E155B6D}.Debug|x64.Build.0 = Debug|Any CPU
		{D2665C88-6CFC-45E7-A39B-D8B69E155B6D}.Debug|x86.ActiveCfg = Debug|Any CPU
		{D2665C88-6CFC-45E7-A39B-D8B69E155B6D}.Debug|x86.Build.0 = Debug|Any CPU
		{D2665C88-6CFC-45E7-A39B-D8B69E155B6D}.Release|Any CPU.ActiveCfg = Release|Any CPU
		{D2665C88-6CFC-45E7-A39B-D8B69E155B6D}.Release|Any CPU.Build.0 = Release|Any CPU
		{D2665C88-6CFC-45E7-A39B-D8B69E155B6D}.Release|x64.ActiveCfg = Release|Any CPU
		{D2665C88-6CFC-45E7-A39B-D8B69E155B6D}.Release|x64.Build.0 = Release|Any CPU
		{D2665C88-6CFC-45E7-A39B-D8B69E155B6D}.Release|x86.ActiveCfg = Release|Any CPU
		{D2665C88-6CFC-45E7-A39B-D8B69E155B6D}.Release|x86.Build.0 = Release|Any CPU
		{C0827879-9114-42DF-98AF-EC630A23FCEA}.Debug|Any CPU.ActiveCfg = Debug|Any CPU
		{C0827879-9114-42DF-98AF-EC630A23FCEA}.Debug|Any CPU.Build.0 = Debug|Any CPU
		{C0827879-9114-42DF-98AF-EC630A23FCEA}.Debug|x64.ActiveCfg = Debug|Any CPU
		{C0827879-9114-42DF-98AF-EC630A23FCEA}.Debug|x64.Build.0 = Debug|Any CPU
		{C0827879-9114-42DF-98AF-EC630A23FCEA}.Debug|x86.ActiveCfg = Debug|Any CPU
		{C0827879-9114-42DF-98AF-EC630A23FCEA}.Debug|x86.Build.0 = Debug|Any CPU
		{C0827879-9114-42DF-98AF-EC630A23FCEA}.Release|Any CPU.ActiveCfg = Release|Any CPU
		{C0827879-9114-42DF-98AF-EC630A23FCEA}.Release|Any CPU.Build.0 = Release|Any CPU
		{C0827879-9114-42DF-98AF-EC630A23FCEA}.Release|x64.ActiveCfg = Release|Any CPU
		{C0827879-9114-42DF-98AF-EC630A23FCEA}.Release|x64.Build.0 = Release|Any CPU
		{C0827879-9114-42DF-98AF-EC630A23FCEA}.Release|x86.ActiveCfg = Release|Any CPU
		{C0827879-9114-42DF-98AF-EC630A23FCEA}.Release|x86.Build.0 = Release|Any CPU
		{BA30FB50-86EB-4DBB-91F0-0375EAADDE0B}.Debug|Any CPU.ActiveCfg = Debug|Any CPU
		{BA30FB50-86EB-4DBB-91F0-0375EAADDE0B}.Debug|Any CPU.Build.0 = Debug|Any CPU
		{BA30FB50-86EB-4DBB-91F0-0375EAADDE0B}.Debug|x64.ActiveCfg = Debug|Any CPU
		{BA30FB50-86EB-4DBB-91F0-0375EAADDE0B}.Debug|x64.Build.0 = Debug|Any CPU
		{BA30FB50-86EB-4DBB-91F0-0375EAADDE0B}.Debug|x86.ActiveCfg = Debug|Any CPU
		{BA30FB50-86EB-4DBB-91F0-0375EAADDE0B}.Debug|x86.Build.0 = Debug|Any CPU
		{BA30FB50-86EB-4DBB-91F0-0375EAADDE0B}.Release|Any CPU.ActiveCfg = Release|Any CPU
		{BA30FB50-86EB-4DBB-91F0-0375EAADDE0B}.Release|Any CPU.Build.0 = Release|Any CPU
		{BA30FB50-86EB-4DBB-91F0-0375EAADDE0B}.Release|x64.ActiveCfg = Release|Any CPU
		{BA30FB50-86EB-4DBB-91F0-0375EAADDE0B}.Release|x64.Build.0 = Release|Any CPU
		{BA30FB50-86EB-4DBB-91F0-0375EAADDE0B}.Release|x86.ActiveCfg = Release|Any CPU
		{BA30FB50-86EB-4DBB-91F0-0375EAADDE0B}.Release|x86.Build.0 = Release|Any CPU
		{9B11D8F3-8225-415C-9EBE-876C4854421D}.Debug|Any CPU.ActiveCfg = Debug|Any CPU
		{9B11D8F3-8225-415C-9EBE-876C4854421D}.Debug|Any CPU.Build.0 = Debug|Any CPU
		{9B11D8F3-8225-415C-9EBE-876C4854421D}.Debug|x64.ActiveCfg = Debug|Any CPU
		{9B11D8F3-8225-415C-9EBE-876C4854421D}.Debug|x64.Build.0 = Debug|Any CPU
		{9B11D8F3-8225-415C-9EBE-876C4854421D}.Debug|x86.ActiveCfg = Debug|Any CPU
		{9B11D8F3-8225-415C-9EBE-876C4854421D}.Debug|x86.Build.0 = Debug|Any CPU
		{9B11D8F3-8225-415C-9EBE-876C4854421D}.Release|Any CPU.ActiveCfg = Release|Any CPU
		{9B11D8F3-8225-415C-9EBE-876C4854421D}.Release|Any CPU.Build.0 = Release|Any CPU
		{9B11D8F3-8225-415C-9EBE-876C4854421D}.Release|x64.ActiveCfg = Release|Any CPU
		{9B11D8F3-8225-415C-9EBE-876C4854421D}.Release|x64.Build.0 = Release|Any CPU
		{9B11D8F3-8225-415C-9EBE-876C4854421D}.Release|x86.ActiveCfg = Release|Any CPU
		{9B11D8F3-8225-415C-9EBE-876C4854421D}.Release|x86.Build.0 = Release|Any CPU
		{D242F148-B64C-4BC8-A77C-845695B70CED}.Debug|Any CPU.ActiveCfg = Debug|Any CPU
		{D242F148-B64C-4BC8-A77C-845695B70CED}.Debug|Any CPU.Build.0 = Debug|Any CPU
		{D242F148-B64C-4BC8-A77C-845695B70CED}.Debug|x64.ActiveCfg = Debug|Any CPU
		{D242F148-B64C-4BC8-A77C-845695B70CED}.Debug|x64.Build.0 = Debug|Any CPU
		{D242F148-B64C-4BC8-A77C-845695B70CED}.Debug|x86.ActiveCfg = Debug|Any CPU
		{D242F148-B64C-4BC8-A77C-845695B70CED}.Debug|x86.Build.0 = Debug|Any CPU
		{D242F148-B64C-4BC8-A77C-845695B70CED}.Release|Any CPU.ActiveCfg = Release|Any CPU
		{D242F148-B64C-4BC8-A77C-845695B70CED}.Release|Any CPU.Build.0 = Release|Any CPU
		{D242F148-B64C-4BC8-A77C-845695B70CED}.Release|x64.ActiveCfg = Release|Any CPU
		{D242F148-B64C-4BC8-A77C-845695B70CED}.Release|x64.Build.0 = Release|Any CPU
		{D242F148-B64C-4BC8-A77C-845695B70CED}.Release|x86.ActiveCfg = Release|Any CPU
		{D242F148-B64C-4BC8-A77C-845695B70CED}.Release|x86.Build.0 = Release|Any CPU
		{65ACEB92-C697-4B0A-A31D-A2B84E732C10}.Debug|Any CPU.ActiveCfg = Debug|Any CPU
		{65ACEB92-C697-4B0A-A31D-A2B84E732C10}.Debug|Any CPU.Build.0 = Debug|Any CPU
		{65ACEB92-C697-4B0A-A31D-A2B84E732C10}.Debug|x64.ActiveCfg = Debug|Any CPU
		{65ACEB92-C697-4B0A-A31D-A2B84E732C10}.Debug|x64.Build.0 = Debug|Any CPU
		{65ACEB92-C697-4B0A-A31D-A2B84E732C10}.Debug|x86.ActiveCfg = Debug|Any CPU
		{65ACEB92-C697-4B0A-A31D-A2B84E732C10}.Debug|x86.Build.0 = Debug|Any CPU
		{65ACEB92-C697-4B0A-A31D-A2B84E732C10}.Release|Any CPU.ActiveCfg = Release|Any CPU
		{65ACEB92-C697-4B0A-A31D-A2B84E732C10}.Release|Any CPU.Build.0 = Release|Any CPU
		{65ACEB92-C697-4B0A-A31D-A2B84E732C10}.Release|x64.ActiveCfg = Release|Any CPU
		{65ACEB92-C697-4B0A-A31D-A2B84E732C10}.Release|x64.Build.0 = Release|Any CPU
		{65ACEB92-C697-4B0A-A31D-A2B84E732C10}.Release|x86.ActiveCfg = Release|Any CPU
		{65ACEB92-C697-4B0A-A31D-A2B84E732C10}.Release|x86.Build.0 = Release|Any CPU
		{B228970B-BF29-451F-8BED-4698099222EC}.Debug|Any CPU.ActiveCfg = Debug|Any CPU
		{B228970B-BF29-451F-8BED-4698099222EC}.Debug|Any CPU.Build.0 = Debug|Any CPU
		{B228970B-BF29-451F-8BED-4698099222EC}.Debug|x64.ActiveCfg = Debug|Any CPU
		{B228970B-BF29-451F-8BED-4698099222EC}.Debug|x64.Build.0 = Debug|Any CPU
		{B228970B-BF29-451F-8BED-4698099222EC}.Debug|x86.ActiveCfg = Debug|Any CPU
		{B228970B-BF29-451F-8BED-4698099222EC}.Debug|x86.Build.0 = Debug|Any CPU
		{B228970B-BF29-451F-8BED-4698099222EC}.Release|Any CPU.ActiveCfg = Release|Any CPU
		{B228970B-BF29-451F-8BED-4698099222EC}.Release|Any CPU.Build.0 = Release|Any CPU
		{B228970B-BF29-451F-8BED-4698099222EC}.Release|x64.ActiveCfg = Release|Any CPU
		{B228970B-BF29-451F-8BED-4698099222EC}.Release|x64.Build.0 = Release|Any CPU
		{B228970B-BF29-451F-8BED-4698099222EC}.Release|x86.ActiveCfg = Release|Any CPU
		{B228970B-BF29-451F-8BED-4698099222EC}.Release|x86.Build.0 = Release|Any CPU
		{0B8D65C8-75EF-4618-9B29-134E69B55122}.Debug|Any CPU.ActiveCfg = Debug|Any CPU
		{0B8D65C8-75EF-4618-9B29-134E69B55122}.Debug|Any CPU.Build.0 = Debug|Any CPU
		{0B8D65C8-75EF-4618-9B29-134E69B55122}.Debug|x64.ActiveCfg = Debug|Any CPU
		{0B8D65C8-75EF-4618-9B29-134E69B55122}.Debug|x64.Build.0 = Debug|Any CPU
		{0B8D65C8-75EF-4618-9B29-134E69B55122}.Debug|x86.ActiveCfg = Debug|Any CPU
		{0B8D65C8-75EF-4618-9B29-134E69B55122}.Debug|x86.Build.0 = Debug|Any CPU
		{0B8D65C8-75EF-4618-9B29-134E69B55122}.Release|Any CPU.ActiveCfg = Release|Any CPU
		{0B8D65C8-75EF-4618-9B29-134E69B55122}.Release|Any CPU.Build.0 = Release|Any CPU
		{0B8D65C8-75EF-4618-9B29-134E69B55122}.Release|x64.ActiveCfg = Release|Any CPU
		{0B8D65C8-75EF-4618-9B29-134E69B55122}.Release|x64.Build.0 = Release|Any CPU
		{0B8D65C8-75EF-4618-9B29-134E69B55122}.Release|x86.ActiveCfg = Release|Any CPU
		{0B8D65C8-75EF-4618-9B29-134E69B55122}.Release|x86.Build.0 = Release|Any CPU
		{4AE18340-FE88-4FC4-9E15-E0A5FACB8654}.Debug|Any CPU.ActiveCfg = Debug|Any CPU
		{4AE18340-FE88-4FC4-9E15-E0A5FACB8654}.Debug|Any CPU.Build.0 = Debug|Any CPU
		{4AE18340-FE88-4FC4-9E15-E0A5FACB8654}.Debug|x64.ActiveCfg = Debug|Any CPU
		{4AE18340-FE88-4FC4-9E15-E0A5FACB8654}.Debug|x64.Build.0 = Debug|Any CPU
		{4AE18340-FE88-4FC4-9E15-E0A5FACB8654}.Debug|x86.ActiveCfg = Debug|Any CPU
		{4AE18340-FE88-4FC4-9E15-E0A5FACB8654}.Debug|x86.Build.0 = Debug|Any CPU
		{4AE18340-FE88-4FC4-9E15-E0A5FACB8654}.Release|Any CPU.ActiveCfg = Release|Any CPU
		{4AE18340-FE88-4FC4-9E15-E0A5FACB8654}.Release|Any CPU.Build.0 = Release|Any CPU
		{4AE18340-FE88-4FC4-9E15-E0A5FACB8654}.Release|x64.ActiveCfg = Release|Any CPU
		{4AE18340-FE88-4FC4-9E15-E0A5FACB8654}.Release|x64.Build.0 = Release|Any CPU
		{4AE18340-FE88-4FC4-9E15-E0A5FACB8654}.Release|x86.ActiveCfg = Release|Any CPU
		{4AE18340-FE88-4FC4-9E15-E0A5FACB8654}.Release|x86.Build.0 = Release|Any CPU
		{6F38421E-B405-468A-9F8A-64AA7FC05B51}.Debug|Any CPU.ActiveCfg = Debug|Any CPU
		{6F38421E-B405-468A-9F8A-64AA7FC05B51}.Debug|Any CPU.Build.0 = Debug|Any CPU
		{6F38421E-B405-468A-9F8A-64AA7FC05B51}.Debug|x64.ActiveCfg = Debug|Any CPU
		{6F38421E-B405-468A-9F8A-64AA7FC05B51}.Debug|x64.Build.0 = Debug|Any CPU
		{6F38421E-B405-468A-9F8A-64AA7FC05B51}.Debug|x86.ActiveCfg = Debug|Any CPU
		{6F38421E-B405-468A-9F8A-64AA7FC05B51}.Debug|x86.Build.0 = Debug|Any CPU
		{6F38421E-B405-468A-9F8A-64AA7FC05B51}.Release|Any CPU.ActiveCfg = Release|Any CPU
		{6F38421E-B405-468A-9F8A-64AA7FC05B51}.Release|Any CPU.Build.0 = Release|Any CPU
		{6F38421E-B405-468A-9F8A-64AA7FC05B51}.Release|x64.ActiveCfg = Release|Any CPU
		{6F38421E-B405-468A-9F8A-64AA7FC05B51}.Release|x64.Build.0 = Release|Any CPU
		{6F38421E-B405-468A-9F8A-64AA7FC05B51}.Release|x86.ActiveCfg = Release|Any CPU
		{6F38421E-B405-468A-9F8A-64AA7FC05B51}.Release|x86.Build.0 = Release|Any CPU
		{1B924F3B-B96F-4F1B-8C55-2ED84A5C0323}.Debug|Any CPU.ActiveCfg = Debug|Any CPU
		{1B924F3B-B96F-4F1B-8C55-2ED84A5C0323}.Debug|Any CPU.Build.0 = Debug|Any CPU
		{1B924F3B-B96F-4F1B-8C55-2ED84A5C0323}.Debug|x64.ActiveCfg = Debug|Any CPU
		{1B924F3B-B96F-4F1B-8C55-2ED84A5C0323}.Debug|x64.Build.0 = Debug|Any CPU
		{1B924F3B-B96F-4F1B-8C55-2ED84A5C0323}.Debug|x86.ActiveCfg = Debug|Any CPU
		{1B924F3B-B96F-4F1B-8C55-2ED84A5C0323}.Debug|x86.Build.0 = Debug|Any CPU
		{1B924F3B-B96F-4F1B-8C55-2ED84A5C0323}.Release|Any CPU.ActiveCfg = Release|Any CPU
		{1B924F3B-B96F-4F1B-8C55-2ED84A5C0323}.Release|Any CPU.Build.0 = Release|Any CPU
		{1B924F3B-B96F-4F1B-8C55-2ED84A5C0323}.Release|x64.ActiveCfg = Release|Any CPU
		{1B924F3B-B96F-4F1B-8C55-2ED84A5C0323}.Release|x64.Build.0 = Release|Any CPU
		{1B924F3B-B96F-4F1B-8C55-2ED84A5C0323}.Release|x86.ActiveCfg = Release|Any CPU
		{1B924F3B-B96F-4F1B-8C55-2ED84A5C0323}.Release|x86.Build.0 = Release|Any CPU
		{870AC784-86B4-4A0F-BC67-78B71184DE48}.Debug|Any CPU.ActiveCfg = Debug|Any CPU
		{870AC784-86B4-4A0F-BC67-78B71184DE48}.Debug|Any CPU.Build.0 = Debug|Any CPU
		{870AC784-86B4-4A0F-BC67-78B71184DE48}.Debug|x64.ActiveCfg = Debug|Any CPU
		{870AC784-86B4-4A0F-BC67-78B71184DE48}.Debug|x64.Build.0 = Debug|Any CPU
		{870AC784-86B4-4A0F-BC67-78B71184DE48}.Debug|x86.ActiveCfg = Debug|Any CPU
		{870AC784-86B4-4A0F-BC67-78B71184DE48}.Debug|x86.Build.0 = Debug|Any CPU
		{870AC784-86B4-4A0F-BC67-78B71184DE48}.Release|Any CPU.ActiveCfg = Release|Any CPU
		{870AC784-86B4-4A0F-BC67-78B71184DE48}.Release|Any CPU.Build.0 = Release|Any CPU
		{870AC784-86B4-4A0F-BC67-78B71184DE48}.Release|x64.ActiveCfg = Release|Any CPU
		{870AC784-86B4-4A0F-BC67-78B71184DE48}.Release|x64.Build.0 = Release|Any CPU
		{870AC784-86B4-4A0F-BC67-78B71184DE48}.Release|x86.ActiveCfg = Release|Any CPU
		{870AC784-86B4-4A0F-BC67-78B71184DE48}.Release|x86.Build.0 = Release|Any CPU
		{B5212AAC-1AF4-4EA1-B4F7-7F690B4417F6}.Debug|Any CPU.ActiveCfg = Debug|Any CPU
		{B5212AAC-1AF4-4EA1-B4F7-7F690B4417F6}.Debug|Any CPU.Build.0 = Debug|Any CPU
		{B5212AAC-1AF4-4EA1-B4F7-7F690B4417F6}.Debug|x64.ActiveCfg = Debug|Any CPU
		{B5212AAC-1AF4-4EA1-B4F7-7F690B4417F6}.Debug|x64.Build.0 = Debug|Any CPU
		{B5212AAC-1AF4-4EA1-B4F7-7F690B4417F6}.Debug|x86.ActiveCfg = Debug|Any CPU
		{B5212AAC-1AF4-4EA1-B4F7-7F690B4417F6}.Debug|x86.Build.0 = Debug|Any CPU
		{B5212AAC-1AF4-4EA1-B4F7-7F690B4417F6}.Release|Any CPU.ActiveCfg = Release|Any CPU
		{B5212AAC-1AF4-4EA1-B4F7-7F690B4417F6}.Release|Any CPU.Build.0 = Release|Any CPU
		{B5212AAC-1AF4-4EA1-B4F7-7F690B4417F6}.Release|x64.ActiveCfg = Release|Any CPU
		{B5212AAC-1AF4-4EA1-B4F7-7F690B4417F6}.Release|x64.Build.0 = Release|Any CPU
		{B5212AAC-1AF4-4EA1-B4F7-7F690B4417F6}.Release|x86.ActiveCfg = Release|Any CPU
		{B5212AAC-1AF4-4EA1-B4F7-7F690B4417F6}.Release|x86.Build.0 = Release|Any CPU
		{4EBD7CFE-15F7-46CA-9795-75250B8346C4}.Debug|Any CPU.ActiveCfg = Debug|Any CPU
		{4EBD7CFE-15F7-46CA-9795-75250B8346C4}.Debug|Any CPU.Build.0 = Debug|Any CPU
		{4EBD7CFE-15F7-46CA-9795-75250B8346C4}.Debug|x64.ActiveCfg = Debug|Any CPU
		{4EBD7CFE-15F7-46CA-9795-75250B8346C4}.Debug|x64.Build.0 = Debug|Any CPU
		{4EBD7CFE-15F7-46CA-9795-75250B8346C4}.Debug|x86.ActiveCfg = Debug|Any CPU
		{4EBD7CFE-15F7-46CA-9795-75250B8346C4}.Debug|x86.Build.0 = Debug|Any CPU
		{4EBD7CFE-15F7-46CA-9795-75250B8346C4}.Release|Any CPU.ActiveCfg = Release|Any CPU
		{4EBD7CFE-15F7-46CA-9795-75250B8346C4}.Release|Any CPU.Build.0 = Release|Any CPU
		{4EBD7CFE-15F7-46CA-9795-75250B8346C4}.Release|x64.ActiveCfg = Release|Any CPU
		{4EBD7CFE-15F7-46CA-9795-75250B8346C4}.Release|x64.Build.0 = Release|Any CPU
		{4EBD7CFE-15F7-46CA-9795-75250B8346C4}.Release|x86.ActiveCfg = Release|Any CPU
		{4EBD7CFE-15F7-46CA-9795-75250B8346C4}.Release|x86.Build.0 = Release|Any CPU
		{9C254F24-4005-4E57-AFDF-CE95269127A2}.Debug|Any CPU.ActiveCfg = Debug|Any CPU
		{9C254F24-4005-4E57-AFDF-CE95269127A2}.Debug|Any CPU.Build.0 = Debug|Any CPU
		{9C254F24-4005-4E57-AFDF-CE95269127A2}.Debug|x64.ActiveCfg = Debug|Any CPU
		{9C254F24-4005-4E57-AFDF-CE95269127A2}.Debug|x64.Build.0 = Debug|Any CPU
		{9C254F24-4005-4E57-AFDF-CE95269127A2}.Debug|x86.ActiveCfg = Debug|Any CPU
		{9C254F24-4005-4E57-AFDF-CE95269127A2}.Debug|x86.Build.0 = Debug|Any CPU
		{9C254F24-4005-4E57-AFDF-CE95269127A2}.Release|Any CPU.ActiveCfg = Release|Any CPU
		{9C254F24-4005-4E57-AFDF-CE95269127A2}.Release|Any CPU.Build.0 = Release|Any CPU
		{9C254F24-4005-4E57-AFDF-CE95269127A2}.Release|x64.ActiveCfg = Release|Any CPU
		{9C254F24-4005-4E57-AFDF-CE95269127A2}.Release|x64.Build.0 = Release|Any CPU
		{9C254F24-4005-4E57-AFDF-CE95269127A2}.Release|x86.ActiveCfg = Release|Any CPU
		{9C254F24-4005-4E57-AFDF-CE95269127A2}.Release|x86.Build.0 = Release|Any CPU
		{842B2B5E-EF08-4D54-A9B9-C4AB70FC5DEA}.Debug|Any CPU.ActiveCfg = Debug|Any CPU
		{842B2B5E-EF08-4D54-A9B9-C4AB70FC5DEA}.Debug|Any CPU.Build.0 = Debug|Any CPU
		{842B2B5E-EF08-4D54-A9B9-C4AB70FC5DEA}.Debug|x64.ActiveCfg = Debug|Any CPU
		{842B2B5E-EF08-4D54-A9B9-C4AB70FC5DEA}.Debug|x64.Build.0 = Debug|Any CPU
		{842B2B5E-EF08-4D54-A9B9-C4AB70FC5DEA}.Debug|x86.ActiveCfg = Debug|Any CPU
		{842B2B5E-EF08-4D54-A9B9-C4AB70FC5DEA}.Debug|x86.Build.0 = Debug|Any CPU
		{842B2B5E-EF08-4D54-A9B9-C4AB70FC5DEA}.Release|Any CPU.ActiveCfg = Release|Any CPU
		{842B2B5E-EF08-4D54-A9B9-C4AB70FC5DEA}.Release|Any CPU.Build.0 = Release|Any CPU
		{842B2B5E-EF08-4D54-A9B9-C4AB70FC5DEA}.Release|x64.ActiveCfg = Release|Any CPU
		{842B2B5E-EF08-4D54-A9B9-C4AB70FC5DEA}.Release|x64.Build.0 = Release|Any CPU
		{842B2B5E-EF08-4D54-A9B9-C4AB70FC5DEA}.Release|x86.ActiveCfg = Release|Any CPU
		{842B2B5E-EF08-4D54-A9B9-C4AB70FC5DEA}.Release|x86.Build.0 = Release|Any CPU
		{7DFC4828-DDAF-4734-8BD6-78C064933F66}.Debug|Any CPU.ActiveCfg = Debug|Any CPU
		{7DFC4828-DDAF-4734-8BD6-78C064933F66}.Debug|Any CPU.Build.0 = Debug|Any CPU
		{7DFC4828-DDAF-4734-8BD6-78C064933F66}.Debug|x64.ActiveCfg = Debug|Any CPU
		{7DFC4828-DDAF-4734-8BD6-78C064933F66}.Debug|x64.Build.0 = Debug|Any CPU
		{7DFC4828-DDAF-4734-8BD6-78C064933F66}.Debug|x86.ActiveCfg = Debug|Any CPU
		{7DFC4828-DDAF-4734-8BD6-78C064933F66}.Debug|x86.Build.0 = Debug|Any CPU
		{7DFC4828-DDAF-4734-8BD6-78C064933F66}.Release|Any CPU.ActiveCfg = Release|Any CPU
		{7DFC4828-DDAF-4734-8BD6-78C064933F66}.Release|Any CPU.Build.0 = Release|Any CPU
		{7DFC4828-DDAF-4734-8BD6-78C064933F66}.Release|x64.ActiveCfg = Release|Any CPU
		{7DFC4828-DDAF-4734-8BD6-78C064933F66}.Release|x64.Build.0 = Release|Any CPU
		{7DFC4828-DDAF-4734-8BD6-78C064933F66}.Release|x86.ActiveCfg = Release|Any CPU
		{7DFC4828-DDAF-4734-8BD6-78C064933F66}.Release|x86.Build.0 = Release|Any CPU
		{11578B5A-3ED4-44B8-9256-A31AE97FB3A4}.Debug|Any CPU.ActiveCfg = Debug|Any CPU
		{11578B5A-3ED4-44B8-9256-A31AE97FB3A4}.Debug|Any CPU.Build.0 = Debug|Any CPU
		{11578B5A-3ED4-44B8-9256-A31AE97FB3A4}.Debug|x64.ActiveCfg = Debug|Any CPU
		{11578B5A-3ED4-44B8-9256-A31AE97FB3A4}.Debug|x64.Build.0 = Debug|Any CPU
		{11578B5A-3ED4-44B8-9256-A31AE97FB3A4}.Debug|x86.ActiveCfg = Debug|Any CPU
		{11578B5A-3ED4-44B8-9256-A31AE97FB3A4}.Debug|x86.Build.0 = Debug|Any CPU
		{11578B5A-3ED4-44B8-9256-A31AE97FB3A4}.Release|Any CPU.ActiveCfg = Release|Any CPU
		{11578B5A-3ED4-44B8-9256-A31AE97FB3A4}.Release|Any CPU.Build.0 = Release|Any CPU
		{11578B5A-3ED4-44B8-9256-A31AE97FB3A4}.Release|x64.ActiveCfg = Release|Any CPU
		{11578B5A-3ED4-44B8-9256-A31AE97FB3A4}.Release|x64.Build.0 = Release|Any CPU
		{11578B5A-3ED4-44B8-9256-A31AE97FB3A4}.Release|x86.ActiveCfg = Release|Any CPU
		{11578B5A-3ED4-44B8-9256-A31AE97FB3A4}.Release|x86.Build.0 = Release|Any CPU
	EndGlobalSection
	GlobalSection(NestedProjects) = preSolution
		{1BB49E7C-4D5A-4928-804D-4CCDB9263164} = {6D56C2D3-3B47-45FD-80E1-99516FC911B4}
		{8DE64F2E-07C5-4A56-915E-797D6CAF9C7B} = {6D56C2D3-3B47-45FD-80E1-99516FC911B4}
		{8DBA6065-99F0-4117-98A9-DDDE222BC99F} = {6D56C2D3-3B47-45FD-80E1-99516FC911B4}
		{D779B743-8CC7-4D4F-AC9C-6684675B30AD} = {6D56C2D3-3B47-45FD-80E1-99516FC911B4}
		{703B00D0-CEDC-4A0C-8FCC-E89041157BC6} = {6D56C2D3-3B47-45FD-80E1-99516FC911B4}
		{E9C9CFA7-3D56-46A1-A58C-5725BE97EE76} = {6D56C2D3-3B47-45FD-80E1-99516FC911B4}
		{D2665C88-6CFC-45E7-A39B-D8B69E155B6D} = {6D56C2D3-3B47-45FD-80E1-99516FC911B4}
	EndGlobalSection
EndGlobal
